
Microsoft Visual Studio Solution File, Format Version 12.00
# Visual Studio 14
VisualStudioVersion = 14.0.24720.0
MinimumVisualStudioVersion = 10.0.40219.1
Project("{FAE04EC0-301F-11D3-BF4B-00C04F79EFBC}") = "LoggerEngine", "Logger\LoggerEngine.csproj", "{378EDDAF-2428-4051-9374-5A56BE332FAF}"
EndProject
Project("{FAE04EC0-301F-11D3-BF4B-00C04F79EFBC}") = "LoggerTest", "LoggerTest\LoggerTest.csproj", "{497650FD-F4D9-40E1-8096-868E827280C2}"
EndProject
Global
	GlobalSection(SolutionConfigurationPlatforms) = preSolution
		Debug|Any CPU = Debug|Any CPU
		Release|Any CPU = Release|Any CPU
	EndGlobalSection
	GlobalSection(ProjectConfigurationPlatforms) = postSolution
		{378EDDAF-2428-4051-9374-5A56BE332FAF}.Debug|Any CPU.ActiveCfg = Debug|Any CPU
		{378EDDAF-2428-4051-9374-5A56BE332FAF}.Debug|Any CPU.Build.0 = Debug|Any CPU
		{378EDDAF-2428-4051-9374-5A56BE332FAF}.Release|Any CPU.ActiveCfg = Release|Any CPU
		{378EDDAF-2428-4051-9374-5A56BE332FAF}.Release|Any CPU.Build.0 = Release|Any CPU
		{497650FD-F4D9-40E1-8096-868E827280C2}.Debug|Any CPU.ActiveCfg = Debug|Any CPU
		{497650FD-F4D9-40E1-8096-868E827280C2}.Debug|Any CPU.Build.0 = Debug|Any CPU
		{497650FD-F4D9-40E1-8096-868E827280C2}.Release|Any CPU.ActiveCfg = Release|Any CPU
		{497650FD-F4D9-40E1-8096-868E827280C2}.Release|Any CPU.Build.0 = Release|Any CPU
	EndGlobalSection
	GlobalSection(SolutionProperties) = preSolution
		HideSolutionNode = FALSE
	EndGlobalSection
EndGlobal
